
Microsoft Visual Studio Solution File, Format Version 12.00
# Visual Studio Version 17
VisualStudioVersion = 17.0.31912.275
MinimumVisualStudioVersion = 10.0.40219.1
Project("{FAE04EC0-301F-11D3-BF4B-00C04F79EFBC}") = "FormManagerTester", "FormManagerTester\FormManagerTester.csproj", "{00F07FA7-D531-4FBE-AA46-A456B12B6CB7}"
EndProject
Project("{FAE04EC0-301F-11D3-BF4B-00C04F79EFBC}") = "FormManagerdll", "FormManager\FormManagerdll.csproj", "{FA6DA764-00BF-4153-A7E3-0E8D10F29AC2}"
EndProject
Global
	GlobalSection(SolutionConfigurationPlatforms) = preSolution
		Debug|Any CPU = Debug|Any CPU
		Release|Any CPU = Release|Any CPU
	EndGlobalSection
	GlobalSection(ProjectConfigurationPlatforms) = postSolution
		{00F07FA7-D531-4FBE-AA46-A456B12B6CB7}.Debug|Any CPU.ActiveCfg = Debug|Any CPU
		{00F07FA7-D531-4FBE-AA46-A456B12B6CB7}.Debug|Any CPU.Build.0 = Debug|Any CPU
		{00F07FA7-D531-4FBE-AA46-A456B12B6CB7}.Release|Any CPU.ActiveCfg = Release|Any CPU
		{00F07FA7-D531-4FBE-AA46-A456B12B6CB7}.Release|Any CPU.Build.0 = Release|Any CPU
		{FA6DA764-00BF-4153-A7E3-0E8D10F29AC2}.Debug|Any CPU.ActiveCfg = Debug|Any CPU
		{FA6DA764-00BF-4153-A7E3-0E8D10F29AC2}.Debug|Any CPU.Build.0 = Debug|Any CPU
		{FA6DA764-00BF-4153-A7E3-0E8D10F29AC2}.Release|Any CPU.ActiveCfg = Release|Any CPU
		{FA6DA764-00BF-4153-A7E3-0E8D10F29AC2}.Release|Any CPU.Build.0 = Release|Any CPU
	EndGlobalSection
	GlobalSection(SolutionProperties) = preSolution
		HideSolutionNode = FALSE
	EndGlobalSection
	GlobalSection(ExtensibilityGlobals) = postSolution
		SolutionGuid = {2A323AE3-1499-423C-AA4F-FE3B0C2CD822}
	EndGlobalSection
EndGlobal
